
Microsoft Visual Studio Solution File, Format Version 12.00
# Visual Studio Version 17
VisualStudioVersion = 17.5.002.0
MinimumVisualStudioVersion = 10.0.40219.1
Project("{9A19103F-16F7-4668-BE54-9A1E7A4F7556}") = "DMart", "DMart.csproj", "{07A4B81E-5938-443C-8377-3EC34C22DC92}"
EndProject
Global
	GlobalSection(SolutionConfigurationPlatforms) = preSolution
		Debug|Any CPU = Debug|Any CPU
		Release|Any CPU = Release|Any CPU
	EndGlobalSection
	GlobalSection(ProjectConfigurationPlatforms) = postSolution
		{07A4B81E-5938-443C-8377-3EC34C22DC92}.Debug|Any CPU.ActiveCfg = Debug|Any CPU
		{07A4B81E-5938-443C-8377-3EC34C22DC92}.Debug|Any CPU.Build.0 = Debug|Any CPU
		{07A4B81E-5938-443C-8377-3EC34C22DC92}.Release|Any CPU.ActiveCfg = Release|Any CPU
		{07A4B81E-5938-443C-8377-3EC34C22DC92}.Release|Any CPU.Build.0 = Release|Any CPU
	EndGlobalSection
	GlobalSection(SolutionProperties) = preSolution
		HideSolutionNode = FALSE
	EndGlobalSection
	GlobalSection(ExtensibilityGlobals) = postSolution
		SolutionGuid = {87AD2163-0BCE-4098-A670-DF96980CF8CB}
	EndGlobalSection
EndGlobal
